
Microsoft Visual Studio Solution File, Format Version 12.00
# Visual Studio Version 17
VisualStudioVersion = 17.0.32112.339
MinimumVisualStudioVersion = 10.0.40219.1
Project("{FAE04EC0-301F-11D3-BF4B-00C04F79EFBC}") = "TheBellApp", "TheBellApp\TheBellApp.csproj", "{9E091585-9E5D-4D5A-A2B3-53636A8D4B46}"
EndProject
Global
	GlobalSection(SolutionConfigurationPlatforms) = preSolution
		Debug|Any CPU = Debug|Any CPU
		Release|Any CPU = Release|Any CPU
	EndGlobalSection
	GlobalSection(ProjectConfigurationPlatforms) = postSolution
		{9E091585-9E5D-4D5A-A2B3-53636A8D4B46}.Debug|Any CPU.ActiveCfg = Debug|Any CPU
		{9E091585-9E5D-4D5A-A2B3-53636A8D4B46}.Debug|Any CPU.Build.0 = Debug|Any CPU
		{9E091585-9E5D-4D5A-A2B3-53636A8D4B46}.Release|Any CPU.ActiveCfg = Release|Any CPU
		{9E091585-9E5D-4D5A-A2B3-53636A8D4B46}.Release|Any CPU.Build.0 = Release|Any CPU
	EndGlobalSection
	GlobalSection(SolutionProperties) = preSolution
		HideSolutionNode = FALSE
	EndGlobalSection
	GlobalSection(ExtensibilityGlobals) = postSolution
		SolutionGuid = {CF86A1F2-21CC-4441-8453-1834F0D9E957}
	EndGlobalSection
EndGlobal
